github.com/ben-milanko/gopro-utils v0.0.0-20200611015831-8003ee197cef h1:0MaDIeiszVbQ8mE2/hjl2tbMeFqddG5CH6Gpm8z+toQ=
github.com/ben-milanko/gopro-utils v0.0.0-20200611015831-8003ee197cef/go.mod h1:zYk7j7YdJfKk0/9LUcsIldcRCABG8fdTI3qbU0SEVuw=
github.com/paulmach/go.geo v0.0.0-20180829195134-22b514266d33 h1:doG/0aLlWE6E4ndyQlkAQrPwaojghwz1IlmH0kjTdyk=
github.com/paulmach/go.geo v0.0.0-20180829195134-22b514266d33/go.mod h1:btFYk/ltlMU7ZKguHS7zQrwHYCtLoXGTaa44OsPbEVw=
github.com/paulmach/go.geojson v1.4.0 h1:5x5moCkCtDo5x8af62P9IOAYGQcYHtxz2QJ3x1DoCgY=
github.com/paulmach/go.geojson v1.4.0/go.mod h1:YaKx1hKpWF+T2oj2lFJPsW/t1Q5e1jQI61eoQSTwpIs=
github.com/tkrajina/gpxgo v1.0.1 h1:oK5eembUxE+d8huab5+1OTTVAsT/D3JcJvcBw9/ycW0=
github.com/tkrajina/gpxgo v1.0.1/go.mod h1:hsBsIBkzEjyYpLUmDeCBb1+x+Dj3vCD0mYL3562UV2Y=
